
Microsoft Visual Studio Solution File, Format Version 12.00
# Visual Studio Version 17
VisualStudioVersion = 17.3.32929.385
MinimumVisualStudioVersion = 10.0.40219.1
Project("{FAE04EC0-301F-11D3-BF4B-00C04F79EFBC}") = "PasswordProject", "PasswordProject\PasswordProject.csproj", "{18CBD8A8-A18D-4A19-AC6A-C34E4CF3E159}"
EndProject
Project("{FAE04EC0-301F-11D3-BF4B-00C04F79EFBC}") = "PasswordTest.UnitTest", "PasswordTest\PasswordTest.UnitTest.csproj", "{C894DC9A-D8C7-4D99-AD7F-8FC0E2B71E23}"
EndProject
Global
	GlobalSection(SolutionConfigurationPlatforms) = preSolution
		Debug|Any CPU = Debug|Any CPU
		Release|Any CPU = Release|Any CPU
	EndGlobalSection
	GlobalSection(ProjectConfigurationPlatforms) = postSolution
		{18CBD8A8-A18D-4A19-AC6A-C34E4CF3E159}.Debug|Any CPU.ActiveCfg = Debug|Any CPU
		{18CBD8A8-A18D-4A19-AC6A-C34E4CF3E159}.Debug|Any CPU.Build.0 = Debug|Any CPU
		{18CBD8A8-A18D-4A19-AC6A-C34E4CF3E159}.Release|Any CPU.ActiveCfg = Release|Any CPU
		{18CBD8A8-A18D-4A19-AC6A-C34E4CF3E159}.Release|Any CPU.Build.0 = Release|Any CPU
		{C894DC9A-D8C7-4D99-AD7F-8FC0E2B71E23}.Debug|Any CPU.ActiveCfg = Debug|Any CPU
		{C894DC9A-D8C7-4D99-AD7F-8FC0E2B71E23}.Debug|Any CPU.Build.0 = Debug|Any CPU
		{C894DC9A-D8C7-4D99-AD7F-8FC0E2B71E23}.Release|Any CPU.ActiveCfg = Release|Any CPU
		{C894DC9A-D8C7-4D99-AD7F-8FC0E2B71E23}.Release|Any CPU.Build.0 = Release|Any CPU
	EndGlobalSection
	GlobalSection(SolutionProperties) = preSolution
		HideSolutionNode = FALSE
	EndGlobalSection
	GlobalSection(ExtensibilityGlobals) = postSolution
		SolutionGuid = {1486BAAE-70CD-42EE-8177-A0A9A9E245AE}
	EndGlobalSection
EndGlobal
